
Microsoft Visual Studio Solution File, Format Version 12.00
# Visual Studio Version 17
VisualStudioVersion = 17.0.31903.59
MinimumVisualStudioVersion = 10.0.40219.1
Project("{FAE04EC0-301F-11D3-BF4B-00C04F79EFBC}") = "Growth", "Growth.csproj", "{F501FB34-190B-464B-A387-8745DF71A70C}"
EndProject
Global
	GlobalSection(SolutionConfigurationPlatforms) = preSolution
		Debug|Any CPU = Debug|Any CPU
		Release|Any CPU = Release|Any CPU
	EndGlobalSection
	GlobalSection(SolutionProperties) = preSolution
		HideSolutionNode = FALSE
	EndGlobalSection
	GlobalSection(ProjectConfigurationPlatforms) = postSolution
		{F501FB34-190B-464B-A387-8745DF71A70C}.Debug|Any CPU.ActiveCfg = Debug|Any CPU
		{F501FB34-190B-464B-A387-8745DF71A70C}.Debug|Any CPU.Build.0 = Debug|Any CPU
		{F501FB34-190B-464B-A387-8745DF71A70C}.Release|Any CPU.ActiveCfg = Release|Any CPU
		{F501FB34-190B-464B-A387-8745DF71A70C}.Release|Any CPU.Build.0 = Release|Any CPU
	EndGlobalSection
EndGlobal
