{
  "name": "hapi",
  "version": "1.0.0",
  "lockfileVersion": 2,
  "requires": true,
  "packages": {
    "": {
      "version": "1.0.0",
      "license": "ISC",
      "dependencies": {
        "@hapi/hapi": "^20.1.5",
        "hapi": "^18.1.0"
      },
      "devDependencies": {}
    },
    "node_modules/@hapi/accept": {
      "version": "5.0.2",
      "resolved": "https://registry.npmjs.org/@hapi/accept/-/accept-5.0.2.tgz",
      "integrity": "sha512-CmzBx/bXUR8451fnZRuZAJRlzgm0Jgu5dltTX/bszmR2lheb9BpyN47Q1RbaGTsvFzn0PXAEs+lXDKfshccYZw==",
      "dependencies": {
        "@hapi/boom": "9.x.x",
        "@hapi/hoek": "9.x.x"
      }
    },
    "node_modules/@hapi/ammo": {
      "version": "5.0.1",
      "resolved": "https://registry.npmjs.org/@hapi/ammo/-/ammo-5.0.1.tgz",
      "integrity": "sha512-FbCNwcTbnQP4VYYhLNGZmA76xb2aHg9AMPiy18NZyWMG310P5KdFGyA9v2rm5ujrIny77dEEIkMOwl0Xv+fSSA==",
      "dependencies": {
        "@hapi/hoek": "9.x.x"
      }
    },
    "node_modules/@hapi/b64": {
      "version": "5.0.0",
      "resolved": "https://registry.npmjs.org/@hapi/b64/-/b64-5.0.0.tgz",
      "integrity": "sha512-ngu0tSEmrezoiIaNGG6rRvKOUkUuDdf4XTPnONHGYfSGRmDqPZX5oJL6HAdKTo1UQHECbdB4OzhWrfgVppjHUw==",
      "dependencies": {
        "@hapi/hoek": "9.x.x"
      }
    },
    "node_modules/@hapi/boom": {
      "version": "9.1.3",
      "resolved": "https://registry.npmjs.org/@hapi/boom/-/boom-9.1.3.tgz",
      "integrity": "sha512-RlrGyZ603hE/eRTZtTltocRm50HHmrmL3kGOP0SQ9MasazlW1mt/fkv4C5P/6rnpFXjwld/POFX1C8tMZE3ldg==",
      "dependencies": {
        "@hapi/hoek": "9.x.x"
      }
    },
    "node_modules/@hapi/bounce": {
      "version": "2.0.0",
      "resolved": "https://registry.npmjs.org/@hapi/bounce/-/bounce-2.0.0.tgz",
      "integrity": "sha512-JesW92uyzOOyuzJKjoLHM1ThiOvHPOLDHw01YV8yh5nCso7sDwJho1h0Ad2N+E62bZyz46TG3xhAi/78Gsct6A==",
      "dependencies": {
        "@hapi/boom": "9.x.x",
        "@hapi/hoek": "9.x.x"
      }
    },
    "node_modules/@hapi/bourne": {
      "version": "2.0.0",
      "resolved": "https://registry.npmjs.org/@hapi/bourne/-/bourne-2.0.0.tgz",
      "integrity": "sha512-WEezM1FWztfbzqIUbsDzFRVMxSoLy3HugVcux6KDDtTqzPsLE8NDRHfXvev66aH1i2oOKKar3/XDjbvh/OUBdg=="
    },
    "node_modules/@hapi/call": {
      "version": "8.0.1",
      "resolved": "https://registry.npmjs.org/@hapi/call/-/call-8.0.1.tgz",
      "integrity": "sha512-bOff6GTdOnoe5b8oXRV3lwkQSb/LAWylvDMae6RgEWWntd0SHtkYbQukDHKlfaYtVnSAgIavJ0kqszF/AIBb6g==",
      "dependencies": {
        "@hapi/boom": "9.x.x",
        "@hapi/hoek": "9.x.x"
      }
    },
    "node_modules/@hapi/catbox": {
      "version": "11.1.1",
      "resolved": "https://registry.npmjs.org/@hapi/catbox/-/catbox-11.1.1.tgz",
      "integrity": "sha512-u/8HvB7dD/6X8hsZIpskSDo4yMKpHxFd7NluoylhGrL6cUfYxdQPnvUp9YU2C6F9hsyBVLGulBd9vBN1ebfXOQ==",
      "dependencies": {
        "@hapi/boom": "9.x.x",
        "@hapi/hoek": "9.x.x",
        "@hapi/podium": "4.x.x",
        "@hapi/validate": "1.x.x"
      }
    },
    "node_modules/@hapi/catbox-memory": {
      "version": "5.0.1",
      "resolved": "https://registry.npmjs.org/@hapi/catbox-memory/-/catbox-memory-5.0.1.tgz",
      "integrity": "sha512-QWw9nOYJq5PlvChLWV8i6hQHJYfvdqiXdvTupJFh0eqLZ64Xir7mKNi96d5/ZMUAqXPursfNDIDxjFgoEDUqeQ==",
      "dependencies": {
        "@hapi/boom": "9.x.x",
        "@hapi/hoek": "9.x.x"
      }
    },
    "node_modules/@hapi/content": {
      "version": "5.0.2",
      "resolved": "https://registry.npmjs.org/@hapi/content/-/content-5.0.2.tgz",
      "integrity": "sha512-mre4dl1ygd4ZyOH3tiYBrOUBzV7Pu/EOs8VLGf58vtOEECWed8Uuw6B4iR9AN/8uQt42tB04qpVaMyoMQh0oMw==",
      "dependencies": {
        "@hapi/boom": "9.x.x"
      }
    },
    "node_modules/@hapi/cryptiles": {
      "version": "5.1.0",
      "resolved": "https://registry.npmjs.org/@hapi/cryptiles/-/cryptiles-5.1.0.tgz",
      "integrity": "sha512-fo9+d1Ba5/FIoMySfMqPBR/7Pa29J2RsiPrl7bkwo5W5o+AN1dAYQRi4SPrPwwVxVGKjgLOEWrsvt1BonJSfLA==",
      "dependencies": {
        "@hapi/boom": "9.x.x"
      },
      "engines": {
        "node": ">=12.0.0"
      }
    },
    "node_modules/@hapi/file": {
      "version": "2.0.0",
      "resolved": "https://registry.npmjs.org/@hapi/file/-/file-2.0.0.tgz",
      "integrity": "sha512-WSrlgpvEqgPWkI18kkGELEZfXr0bYLtr16iIN4Krh9sRnzBZN6nnWxHFxtsnP684wueEySBbXPDg/WfA9xJdBQ=="
    },
    "node_modules/@hapi/hapi": {
      "version": "20.1.5",
      "resolved": "https://registry.npmjs.org/@hapi/hapi/-/hapi-20.1.5.tgz",
      "integrity": "sha512-BhJ5XFR9uWPUBj/z5pPqXSk8OnvQQU/EbQjwpmjZy0ymNEiq7kIhXkAmzXcntbBHta9o7zpW8XMeXnfV4wudXw==",
      "dependencies": {
        "@hapi/accept": "^5.0.1",
        "@hapi/ammo": "^5.0.1",
        "@hapi/boom": "^9.1.0",
        "@hapi/bounce": "^2.0.0",
        "@hapi/call": "^8.0.0",
        "@hapi/catbox": "^11.1.1",
        "@hapi/catbox-memory": "^5.0.0",
        "@hapi/heavy": "^7.0.1",
        "@hapi/hoek": "^9.0.4",
        "@hapi/mimos": "^6.0.0",
        "@hapi/podium": "^4.1.1",
        "@hapi/shot": "^5.0.5",
        "@hapi/somever": "^3.0.0",
        "@hapi/statehood": "^7.0.3",
        "@hapi/subtext": "^7.0.3",
        "@hapi/teamwork": "^5.1.0",
        "@hapi/topo": "^5.0.0",
        "@hapi/validate": "^1.1.1"
      },
      "engines": {
        "node": ">=12.0.0"
      }
    },
    "node_modules/@hapi/heavy": {
      "version": "7.0.1",
      "resolved": "https://registry.npmjs.org/@hapi/heavy/-/heavy-7.0.1.tgz",
      "integrity": "sha512-vJ/vzRQ13MtRzz6Qd4zRHWS3FaUc/5uivV2TIuExGTM9Qk+7Zzqj0e2G7EpE6KztO9SalTbiIkTh7qFKj/33cA==",
      "dependencies": {
        "@hapi/boom": "9.x.x",
        "@hapi/hoek": "9.x.x",
        "@hapi/validate": "1.x.x"
      }
    },
    "node_modules/@hapi/hoek": {
      "version": "9.2.0",
      "resolved": "https://registry.npmjs.org/@hapi/hoek/-/hoek-9.2.0.tgz",
      "integrity": "sha512-sqKVVVOe5ivCaXDWivIJYVSaEgdQK9ul7a4Kity5Iw7u9+wBAPbX1RMSnLLmp7O4Vzj0WOWwMAJsTL00xwaNug=="
    },
    "node_modules/@hapi/iron": {
      "version": "6.0.0",
      "resolved": "https://registry.npmjs.org/@hapi/iron/-/iron-6.0.0.tgz",
      "integrity": "sha512-zvGvWDufiTGpTJPG1Y/McN8UqWBu0k/xs/7l++HVU535NLHXsHhy54cfEMdW7EjwKfbBfM9Xy25FmTiobb7Hvw==",
      "dependencies": {
        "@hapi/b64": "5.x.x",
        "@hapi/boom": "9.x.x",
        "@hapi/bourne": "2.x.x",
        "@hapi/cryptiles": "5.x.x",
        "@hapi/hoek": "9.x.x"
      }
    },
    "node_modules/@hapi/mimos": {
      "version": "6.0.0",
      "resolved": "https://registry.npmjs.org/@hapi/mimos/-/mimos-6.0.0.tgz",
      "integrity": "sha512-Op/67tr1I+JafN3R3XN5DucVSxKRT/Tc+tUszDwENoNpolxeXkhrJ2Czt6B6AAqrespHoivhgZBWYSuANN9QXg==",
      "dependencies": {
        "@hapi/hoek": "9.x.x",
        "mime-db": "1.x.x"
      }
    },
    "node_modules/@hapi/nigel": {
      "version": "4.0.2",
      "resolved": "https://registry.npmjs.org/@hapi/nigel/-/nigel-4.0.2.tgz",
      "integrity": "sha512-ht2KoEsDW22BxQOEkLEJaqfpoKPXxi7tvabXy7B/77eFtOyG5ZEstfZwxHQcqAiZhp58Ae5vkhEqI03kawkYNw==",
      "dependencies": {
        "@hapi/hoek": "^9.0.4",
        "@hapi/vise": "^4.0.0"
      },
      "engines": {
        "node": ">=12.0.0"
      }
    },
    "node_modules/@hapi/pez": {
      "version": "5.0.3",
      "resolved": "https://registry.npmjs.org/@hapi/pez/-/pez-5.0.3.tgz",
      "integrity": "sha512-mpikYRJjtrbJgdDHG/H9ySqYqwJ+QU/D7FXsYciS9P7NYBXE2ayKDAy3H0ou6CohOCaxPuTV4SZ0D936+VomHA==",
      "dependencies": {
        "@hapi/b64": "5.x.x",
        "@hapi/boom": "9.x.x",
        "@hapi/content": "^5.0.2",
        "@hapi/hoek": "9.x.x",
        "@hapi/nigel": "4.x.x"
      }
    },
    "node_modules/@hapi/podium": {
      "version": "4.1.3",
      "resolved": "https://registry.npmjs.org/@hapi/podium/-/podium-4.1.3.tgz",
      "integrity": "sha512-ljsKGQzLkFqnQxE7qeanvgGj4dejnciErYd30dbrYzUOF/FyS/DOF97qcrT3bhoVwCYmxa6PEMhxfCPlnUcD2g==",
      "dependencies": {
        "@hapi/hoek": "9.x.x",
        "@hapi/teamwork": "5.x.x",
        "@hapi/validate": "1.x.x"
      }
    },
    "node_modules/@hapi/shot": {
      "version": "5.0.5",
      "resolved": "https://registry.npmjs.org/@hapi/shot/-/shot-5.0.5.tgz",
      "integrity": "sha512-x5AMSZ5+j+Paa8KdfCoKh+klB78otxF+vcJR/IoN91Vo2e5ulXIW6HUsFTCU+4W6P/Etaip9nmdAx2zWDimB2A==",
      "dependencies": {
        "@hapi/hoek": "9.x.x",
        "@hapi/validate": "1.x.x"
      }
    },
    "node_modules/@hapi/somever": {
      "version": "3.0.1",
      "resolved": "https://registry.npmjs.org/@hapi/somever/-/somever-3.0.1.tgz",
      "integrity": "sha512-4ZTSN3YAHtgpY/M4GOtHUXgi6uZtG9nEZfNI6QrArhK0XN/RDVgijlb9kOmXwCR5VclDSkBul9FBvhSuKXx9+w==",
      "dependencies": {
        "@hapi/bounce": "2.x.x",
        "@hapi/hoek": "9.x.x"
      }
    },
    "node_modules/@hapi/statehood": {
      "version": "7.0.3",
      "resolved": "https://registry.npmjs.org/@hapi/statehood/-/statehood-7.0.3.tgz",
      "integrity": "sha512-pYB+pyCHkf2Amh67QAXz7e/DN9jcMplIL7Z6N8h0K+ZTy0b404JKPEYkbWHSnDtxLjJB/OtgElxocr2fMH4G7w==",
      "dependencies": {
        "@hapi/boom": "9.x.x",
        "@hapi/bounce": "2.x.x",
        "@hapi/bourne": "2.x.x",
        "@hapi/cryptiles": "5.x.x",
        "@hapi/hoek": "9.x.x",
        "@hapi/iron": "6.x.x",
        "@hapi/validate": "1.x.x"
      }
    },
    "node_modules/@hapi/subtext": {
      "version": "7.0.3",
      "resolved": "https://registry.npmjs.org/@hapi/subtext/-/subtext-7.0.3.tgz",
      "integrity": "sha512-CekDizZkDGERJ01C0+TzHlKtqdXZxzSWTOaH6THBrbOHnsr3GY+yiMZC+AfNCypfE17RaIakGIAbpL2Tk1z2+A==",
      "dependencies": {
        "@hapi/boom": "9.x.x",
        "@hapi/bourne": "2.x.x",
        "@hapi/content": "^5.0.2",
        "@hapi/file": "2.x.x",
        "@hapi/hoek": "9.x.x",
        "@hapi/pez": "^5.0.1",
        "@hapi/wreck": "17.x.x"
      }
    },
    "node_modules/@hapi/teamwork": {
      "version": "5.1.0",
      "resolved": "https://registry.npmjs.org/@hapi/teamwork/-/teamwork-5.1.0.tgz",
      "integrity": "sha512-llqoQTrAJDTXxG3c4Kz/uzhBS1TsmSBa/XG5SPcVXgmffHE1nFtyLIK0hNJHCB3EuBKT84adzd1hZNY9GJLWtg==",
      "engines": {
        "node": ">=12.0.0"
      }
    },
    "node_modules/@hapi/topo": {
      "version": "5.1.0",
      "resolved": "https://registry.npmjs.org/@hapi/topo/-/topo-5.1.0.tgz",
      "integrity": "sha512-foQZKJig7Ob0BMAYBfcJk8d77QtOe7Wo4ox7ff1lQYoNNAb6jwcY1ncdoy2e9wQZzvNy7ODZCYJkK8kzmcAnAg==",
      "dependencies": {
        "@hapi/hoek": "^9.0.0"
      }
    },
    "node_modules/@hapi/validate": {
      "version": "1.1.3",
      "resolved": "https://registry.npmjs.org/@hapi/validate/-/validate-1.1.3.tgz",
      "integrity": "sha512-/XMR0N0wjw0Twzq2pQOzPBZlDzkekGcoCtzO314BpIEsbXdYGthQUbxgkGDf4nhk1+IPDAsXqWjMohRQYO06UA==",
      "dependencies": {
        "@hapi/hoek": "^9.0.0",
        "@hapi/topo": "^5.0.0"
      }
    },
    "node_modules/@hapi/vise": {
      "version": "4.0.0",
      "resolved": "https://registry.npmjs.org/@hapi/vise/-/vise-4.0.0.tgz",
      "integrity": "sha512-eYyLkuUiFZTer59h+SGy7hUm+qE9p+UemePTHLlIWppEd+wExn3Df5jO04bFQTm7nleF5V8CtuYQYb+VFpZ6Sg==",
      "dependencies": {
        "@hapi/hoek": "9.x.x"
      }
    },
    "node_modules/@hapi/wreck": {
      "version": "17.1.0",
      "resolved": "https://registry.npmjs.org/@hapi/wreck/-/wreck-17.1.0.tgz",
      "integrity": "sha512-nx6sFyfqOpJ+EFrHX+XWwJAxs3ju4iHdbB/bwR8yTNZOiYmuhA8eCe7lYPtYmb4j7vyK/SlbaQsmTtUrMvPEBw==",
      "dependencies": {
        "@hapi/boom": "9.x.x",
        "@hapi/bourne": "2.x.x",
        "@hapi/hoek": "9.x.x"
      }
    },
    "node_modules/hapi": {
      "version": "18.1.0",
      "resolved": "https://registry.npmjs.org/hapi/-/hapi-18.1.0.tgz",
      "integrity": "sha512-nSU1VLyTAgp7P5gy47QzJIP2JAb+wOFvJIV3gnL0lFj/mD+HuTXhyUsDYXjF/dhADMVXVEz31z6SUHBJhtsvGA==",
      "deprecated": "This version contains severe security issues and defects and should not be used! Please upgrade to the latest version of @hapi/hapi or consider a commercial license (https://github.com/hapijs/hapi/issues/4114)",
      "hasShrinkwrap": true,
      "dependencies": {
        "accept": "3.x.x",
        "ammo": "3.x.x",
        "boom": "7.x.x",
        "bounce": "1.x.x",
        "call": "5.x.x",
        "catbox": "10.x.x",
        "catbox-memory": "4.x.x",
        "heavy": "6.x.x",
        "hoek": "6.x.x",
        "joi": "14.x.x",
        "mimos": "4.x.x",
        "podium": "3.x.x",
        "shot": "4.x.x",
        "somever": "2.x.x",
        "statehood": "6.x.x",
        "subtext": "6.x.x",
        "teamwork": "3.x.x",
        "topo": "3.x.x"
      }
    },
    "node_modules/hapi/node_modules/accept": {
      "version": "3.1.3",
      "resolved": "https://registry.npmjs.org/accept/-/accept-3.1.3.tgz",
      "integrity": "sha512-OgOEAidVEOKPup+Gv2+2wdH2AgVKI9LxsJ4hicdJ6cY0faUuZdZoi56kkXWlHp9qicN1nWQLmW5ZRGk+SBS5xg=="
    },
    "node_modules/hapi/node_modules/ammo": {
      "version": "3.0.3",
      "resolved": "https://registry.npmjs.org/ammo/-/ammo-3.0.3.tgz",
      "integrity": "sha512-vo76VJ44MkUBZL/BzpGXaKzMfroF4ZR6+haRuw9p+eSWfoNaH2AxVc8xmiEPC08jhzJSeM6w7/iMUGet8b4oBQ=="
    },
    "node_modules/hapi/node_modules/b64": {
      "version": "4.1.2",
      "resolved": "https://registry.npmjs.org/b64/-/b64-4.1.2.tgz",
      "integrity": "sha512-+GUspBxlH3CJaxMUGUE1EBoWM6RKgWiYwUDal0qdf8m3ArnXNN1KzKVo5HOnE/FSq4HHyWf3TlHLsZI8PKQgrQ==",
      "extraneous": true
    },
    "node_modules/hapi/node_modules/boom": {
      "version": "7.3.0",
      "resolved": "https://registry.npmjs.org/boom/-/boom-7.3.0.tgz",
      "integrity": "sha512-Swpoyi2t5+GhOEGw8rEsKvTxFLIDiiKoUc2gsoV6Lyr43LHBIzch3k2MvYUs8RTROrIkVJ3Al0TkaOGjnb+B6A=="
    },
    "node_modules/hapi/node_modules/bounce": {
      "version": "1.2.3",
      "resolved": "https://registry.npmjs.org/bounce/-/bounce-1.2.3.tgz",
      "integrity": "sha512-3G7B8CyBnip5EahCZJjnvQ1HLyArC6P5e+xcolo13BVI9ogFaDOsNMAE7FIWliHtIkYI8/nTRCvCY9tZa3Mu4g=="
    },
    "node_modules/hapi/node_modules/bourne": {
      "version": "1.1.1",
      "resolved": "https://registry.npmjs.org/bourne/-/bourne-1.1.1.tgz",
      "integrity": "sha512-Ou0l3W8+n1FuTOoIfIrCk9oF9WVWc+9fKoAl67XQr9Ws0z7LgILRZ7qtc9xdT4BveSKtnYXfKPgn8pFAqeQRew==",
      "extraneous": true
    },
    "node_modules/hapi/node_modules/call": {
      "version": "5.0.3",
      "resolved": "https://registry.npmjs.org/call/-/call-5.0.3.tgz",
      "integrity": "sha512-eX16KHiAYXugbFu6VifstSdwH6aMuWWb4s0qvpq1nR1b+Sf+u68jjttg8ixDBEldPqBi30bDU35OJQWKeTLKxg=="
    },
    "node_modules/hapi/node_modules/catbox": {
      "version": "10.0.6",
      "resolved": "https://registry.npmjs.org/catbox/-/catbox-10.0.6.tgz",
      "integrity": "sha512-gQWCnF/jbHcfwGbQ4FQxyRiAwLRipqWTTXjpq7rTqqdcsnZosFa0L3LsCZcPTF33QIeMMkS7QmFBHt6QdzGPvg=="
    },
    "node_modules/hapi/node_modules/catbox-memory": {
      "version": "4.0.1",
      "resolved": "https://registry.npmjs.org/catbox-memory/-/catbox-memory-4.0.1.tgz",
      "integrity": "sha512-ZmqNiLsYCIu9qvBJ/MQbznDV2bFH5gFiH67TgIJgSSffJFtTXArT+MM3AvJQlby9NSkLHOX4eH/uuUqnch/Ldw=="
    },
    "node_modules/hapi/node_modules/content": {
      "version": "4.0.6",
      "resolved": "https://registry.npmjs.org/content/-/content-4.0.6.tgz",
      "integrity": "sha512-lR9ND3dXiMdmsE84K6l02rMdgiBVmtYWu1Vr/gfSGHcIcznBj2QxmSdUgDuNFOA+G9yrb1IIWkZ7aKtB6hDGyA==",
      "extraneous": true
    },
    "node_modules/hapi/node_modules/cryptiles": {
      "version": "4.1.3",
      "resolved": "https://registry.npmjs.org/cryptiles/-/cryptiles-4.1.3.tgz",
      "integrity": "sha512-gT9nyTMSUC1JnziQpPbxKGBbUg8VL7Zn2NB4E1cJYvuXdElHrwxrV9bmltZGDzet45zSDGyYceueke1TjynGzw==",
      "extraneous": true
    },
    "node_modules/hapi/node_modules/heavy": {
      "version": "6.1.2",
      "resolved": "https://registry.npmjs.org/heavy/-/heavy-6.1.2.tgz",
      "integrity": "sha512-cJp884bqhiebNcEHydW0g6V1MUGYOXRPw9c7MFiHQnuGxtbWuSZpsbojwb2kxb3AA1/Rfs8CNiV9MMOF8pFRDg=="
    },
    "node_modules/hapi/node_modules/hoek": {
      "version": "6.1.2",
      "resolved": "https://registry.npmjs.org/hoek/-/hoek-6.1.2.tgz",
      "integrity": "sha512-6qhh/wahGYZHFSFw12tBbJw5fsAhhwrrG/y3Cs0YMTv2WzMnL0oLPnQJjv1QJvEfylRSOFuP+xCu+tdx0tD16Q=="
    },
    "node_modules/hapi/node_modules/iron": {
      "version": "5.0.6",
      "resolved": "https://registry.npmjs.org/iron/-/iron-5.0.6.tgz",
      "integrity": "sha512-zYUMOSkEXGBdwlV/AXF9zJC0aLuTJUKHkGeYS5I2g225M5i6SrxQyGJGhPgOR8BK1omL6N5i6TcwfsXbP8/Exw==",
      "extraneous": true
    },
    "node_modules/hapi/node_modules/joi": {
      "version": "14.3.1",
      "resolved": "https://registry.npmjs.org/joi/-/joi-14.3.1.tgz",
      "integrity": "sha512-LQDdM+pkOrpAn4Lp+neNIFV3axv1Vna3j38bisbQhETPMANYRbFJFUyOZcOClYvM/hppMhGWuKSFEK9vjrB+bQ=="
    },
    "node_modules/hapi/node_modules/mime-db": {
      "version": "1.37.0",
      "resolved": "https://registry.npmjs.org/mime-db/-/mime-db-1.37.0.tgz",
      "integrity": "sha512-R3C4db6bgQhlIhPU48fUtdVmKnflq+hRdad7IyKhtFj06VPNVdk2RhiYL3UjQIlso8L+YxAtFkobT0VK+S/ybg==",
      "extraneous": true
    },
    "node_modules/hapi/node_modules/mimos": {
      "version": "4.0.2",
      "resolved": "https://registry.npmjs.org/mimos/-/mimos-4.0.2.tgz",
      "integrity": "sha512-5XBsDqBqzSN88XPPH/TFpOalWOjHJM5Z2d3AMx/30iq+qXvYKd/8MPhqBwZDOLtoaIWInR3nLzMQcxfGK9djXA=="
    },
    "node_modules/hapi/node_modules/nigel": {
      "version": "3.0.4",
      "resolved": "https://registry.npmjs.org/nigel/-/nigel-3.0.4.tgz",
      "integrity": "sha512-3SZCCS/duVDGxFpTROHEieC+itDo4UqL9JNUyQJv3rljudQbK6aqus5B4470OxhESPJLN93Qqxg16rH7DUjbfQ==",
      "extraneous": true
    },
    "node_modules/hapi/node_modules/pez": {
      "version": "4.0.5",
      "resolved": "https://registry.npmjs.org/pez/-/pez-4.0.5.tgz",
      "integrity": "sha512-HvL8uiFIlkXbx/qw4B8jKDCWzo7Pnnd65Uvanf9OOCtb20MRcb9gtTVBf9NCnhETif1/nzbDHIjAWC/sUp7LIQ==",
      "extraneous": true
    },
    "node_modules/hapi/node_modules/podium": {
      "version": "3.2.0",
      "resolved": "https://registry.npmjs.org/podium/-/podium-3.2.0.tgz",
      "integrity": "sha512-rbwvxwVkI6gRRlxZQ1zUeafrpGxZ7QPHIheinehAvGATvGIPfWRkaTeWedc5P4YjXJXEV8ZbBxPtglNylF9hjw=="
    },
    "node_modules/hapi/node_modules/shot": {
      "version": "4.0.7",
      "resolved": "https://registry.npmjs.org/shot/-/shot-4.0.7.tgz",
      "integrity": "sha512-RKaKAGKxJ11EjJl0cf2fYVSsd4KB5Cncb9J0v7w+0iIaXpxNqFWTYNDNhBX7f0XSyDrjOH9a4OWZ9Gp/ZML+ew=="
    },
    "node_modules/hapi/node_modules/somever": {
      "version": "2.0.0",
      "resolved": "https://registry.npmjs.org/somever/-/somever-2.0.0.tgz",
      "integrity": "sha512-9JaIPP+HxwYGqCDqqK3tRaTqdtQHoK6Qy3IrXhIt2q5x8fs8RcfU7BMWlFTCOgFazK8p88zIv1tHQXvAwtXMyw=="
    },
    "node_modules/hapi/node_modules/statehood": {
      "version": "6.0.9",
      "resolved": "https://registry.npmjs.org/statehood/-/statehood-6.0.9.tgz",
      "integrity": "sha512-jbFg1+MYEqfC7ABAoWZoeF4cQUtp3LUvMDUGExL76cMmleBHG7I6xlZFsE8hRi7nEySIvutHmVlLmBe9+2R5LQ=="
    },
    "node_modules/hapi/node_modules/subtext": {
      "version": "6.0.12",
      "resolved": "https://registry.npmjs.org/subtext/-/subtext-6.0.12.tgz",
      "integrity": "sha512-yT1wCDWVgqvL9BIkWzWqgj5spUSYo/Enu09iUV8t2ZvHcr2tKGTGg2kc9tUpVEsdhp1ihsZeTAiDqh0TQciTPQ=="
    },
    "node_modules/hapi/node_modules/teamwork": {
      "version": "3.0.3",
      "resolved": "https://registry.npmjs.org/teamwork/-/teamwork-3.0.3.tgz",
      "integrity": "sha512-OCB56z+G70iA1A1OFoT+51TPzfcgN0ks75uN3yhxA+EU66WTz2BevNDK4YzMqfaL5tuAvxy4iFUn35/u8pxMaQ=="
    },
    "node_modules/hapi/node_modules/topo": {
      "version": "3.0.3",
      "resolved": "https://registry.npmjs.org/topo/-/topo-3.0.3.tgz",
      "integrity": "sha512-IgpPtvD4kjrJ7CRA3ov2FhWQADwv+Tdqbsf1ZnPUSAtCJ9e1Z44MmoSGDXGk4IppoZA7jd/QRkNddlLJWlUZsQ=="
    },
    "node_modules/hapi/node_modules/vise": {
      "version": "3.0.2",
      "resolved": "https://registry.npmjs.org/vise/-/vise-3.0.2.tgz",
      "integrity": "sha512-X52VtdRQbSBXdjcazRiY3eRgV3vTQ0B+7Wh8uC9cVv7lKfML5m9+9NHlbcgCY0R9EAqD1v/v7o9mhGh2A3ANFg==",
      "extraneous": true
    },
    "node_modules/hapi/node_modules/wreck": {
      "version": "14.1.3",
      "resolved": "https://registry.npmjs.org/wreck/-/wreck-14.1.3.tgz",
      "integrity": "sha512-hb/BUtjX3ObbwO3slCOLCenQ4EP8e+n8j6FmTne3VhEFp5XV1faSJojiyxVSvw34vgdeTG5baLTl4NmjwokLlw==",
      "extraneous": true
    },
    "node_modules/mime-db": {
      "version": "1.48.0",
      "resolved": "https://registry.npmjs.org/mime-db/-/mime-db-1.48.0.tgz",
      "integrity": "sha512-FM3QwxV+TnZYQ2aRqhlKBMHxk10lTbMt3bBkMAp54ddrNeVSfcQYOOKuGuy3Ddrm38I04If834fOUSq1yzslJQ==",
      "engines": {
        "node": ">= 0.6"
      }
    }
  },
  "dependencies": {
    "@hapi/accept": {
      "version": "5.0.2",
      "resolved": "https://registry.npmjs.org/@hapi/accept/-/accept-5.0.2.tgz",
      "integrity": "sha512-CmzBx/bXUR8451fnZRuZAJRlzgm0Jgu5dltTX/bszmR2lheb9BpyN47Q1RbaGTsvFzn0PXAEs+lXDKfshccYZw==",
      "requires": {
        "@hapi/boom": "9.x.x",
        "@hapi/hoek": "9.x.x"
      }
    },
    "@hapi/ammo": {
      "version": "5.0.1",
      "resolved": "https://registry.npmjs.org/@hapi/ammo/-/ammo-5.0.1.tgz",
      "integrity": "sha512-FbCNwcTbnQP4VYYhLNGZmA76xb2aHg9AMPiy18NZyWMG310P5KdFGyA9v2rm5ujrIny77dEEIkMOwl0Xv+fSSA==",
      "requires": {
        "@hapi/hoek": "9.x.x"
      }
    },
    "@hapi/b64": {
      "version": "5.0.0",
      "resolved": "https://registry.npmjs.org/@hapi/b64/-/b64-5.0.0.tgz",
      "integrity": "sha512-ngu0tSEmrezoiIaNGG6rRvKOUkUuDdf4XTPnONHGYfSGRmDqPZX5oJL6HAdKTo1UQHECbdB4OzhWrfgVppjHUw==",
      "requires": {
        "@hapi/hoek": "9.x.x"
      }
    },
    "@hapi/boom": {
      "version": "9.1.3",
      "resolved": "https://registry.npmjs.org/@hapi/boom/-/boom-9.1.3.tgz",
      "integrity": "sha512-RlrGyZ603hE/eRTZtTltocRm50HHmrmL3kGOP0SQ9MasazlW1mt/fkv4C5P/6rnpFXjwld/POFX1C8tMZE3ldg==",
      "requires": {
        "@hapi/hoek": "9.x.x"
      }
    },
    "@hapi/bounce": {
      "version": "2.0.0",
      "resolved": "https://registry.npmjs.org/@hapi/bounce/-/bounce-2.0.0.tgz",
      "integrity": "sha512-JesW92uyzOOyuzJKjoLHM1ThiOvHPOLDHw01YV8yh5nCso7sDwJho1h0Ad2N+E62bZyz46TG3xhAi/78Gsct6A==",
      "requires": {
        "@hapi/boom": "9.x.x",
        "@hapi/hoek": "9.x.x"
      }
    },
    "@hapi/bourne": {
      "version": "2.0.0",
      "resolved": "https://registry.npmjs.org/@hapi/bourne/-/bourne-2.0.0.tgz",
      "integrity": "sha512-WEezM1FWztfbzqIUbsDzFRVMxSoLy3HugVcux6KDDtTqzPsLE8NDRHfXvev66aH1i2oOKKar3/XDjbvh/OUBdg=="
    },
    "@hapi/call": {
      "version": "8.0.1",
      "resolved": "https://registry.npmjs.org/@hapi/call/-/call-8.0.1.tgz",
      "integrity": "sha512-bOff6GTdOnoe5b8oXRV3lwkQSb/LAWylvDMae6RgEWWntd0SHtkYbQukDHKlfaYtVnSAgIavJ0kqszF/AIBb6g==",
      "requires": {
        "@hapi/boom": "9.x.x",
        "@hapi/hoek": "9.x.x"
      }
    },
    "@hapi/catbox": {
      "version": "11.1.1",
      "resolved": "https://registry.npmjs.org/@hapi/catbox/-/catbox-11.1.1.tgz",
      "integrity": "sha512-u/8HvB7dD/6X8hsZIpskSDo4yMKpHxFd7NluoylhGrL6cUfYxdQPnvUp9YU2C6F9hsyBVLGulBd9vBN1ebfXOQ==",
      "requires": {
        "@hapi/boom": "9.x.x",
        "@hapi/hoek": "9.x.x",
        "@hapi/podium": "4.x.x",
        "@hapi/validate": "1.x.x"
      }
    },
    "@hapi/catbox-memory": {
      "version": "5.0.1",
      "resolved": "https://registry.npmjs.org/@hapi/catbox-memory/-/catbox-memory-5.0.1.tgz",
      "integrity": "sha512-QWw9nOYJq5PlvChLWV8i6hQHJYfvdqiXdvTupJFh0eqLZ64Xir7mKNi96d5/ZMUAqXPursfNDIDxjFgoEDUqeQ==",
      "requires": {
        "@hapi/boom": "9.x.x",
        "@hapi/hoek": "9.x.x"
      }
    },
    "@hapi/content": {
      "version": "5.0.2",
      "resolved": "https://registry.npmjs.org/@hapi/content/-/content-5.0.2.tgz",
      "integrity": "sha512-mre4dl1ygd4ZyOH3tiYBrOUBzV7Pu/EOs8VLGf58vtOEECWed8Uuw6B4iR9AN/8uQt42tB04qpVaMyoMQh0oMw==",
      "requires": {
        "@hapi/boom": "9.x.x"
      }
    },
    "@hapi/cryptiles": {
      "version": "5.1.0",
      "resolved": "https://registry.npmjs.org/@hapi/cryptiles/-/cryptiles-5.1.0.tgz",
      "integrity": "sha512-fo9+d1Ba5/FIoMySfMqPBR/7Pa29J2RsiPrl7bkwo5W5o+AN1dAYQRi4SPrPwwVxVGKjgLOEWrsvt1BonJSfLA==",
      "requires": {
        "@hapi/boom": "9.x.x"
      }
    },
    "@hapi/file": {
      "version": "2.0.0",
      "resolved": "https://registry.npmjs.org/@hapi/file/-/file-2.0.0.tgz",
      "integrity": "sha512-WSrlgpvEqgPWkI18kkGELEZfXr0bYLtr16iIN4Krh9sRnzBZN6nnWxHFxtsnP684wueEySBbXPDg/WfA9xJdBQ=="
    },
    "@hapi/hapi": {
      "version": "20.1.5",
      "resolved": "https://registry.npmjs.org/@hapi/hapi/-/hapi-20.1.5.tgz",
      "integrity": "sha512-BhJ5XFR9uWPUBj/z5pPqXSk8OnvQQU/EbQjwpmjZy0ymNEiq7kIhXkAmzXcntbBHta9o7zpW8XMeXnfV4wudXw==",
      "requires": {
        "@hapi/accept": "^5.0.1",
        "@hapi/ammo": "^5.0.1",
        "@hapi/boom": "^9.1.0",
        "@hapi/bounce": "^2.0.0",
        "@hapi/call": "^8.0.0",
        "@hapi/catbox": "^11.1.1",
        "@hapi/catbox-memory": "^5.0.0",
        "@hapi/heavy": "^7.0.1",
        "@hapi/hoek": "^9.0.4",
        "@hapi/mimos": "^6.0.0",
        "@hapi/podium": "^4.1.1",
        "@hapi/shot": "^5.0.5",
        "@hapi/somever": "^3.0.0",
        "@hapi/statehood": "^7.0.3",
        "@hapi/subtext": "^7.0.3",
        "@hapi/teamwork": "^5.1.0",
        "@hapi/topo": "^5.0.0",
        "@hapi/validate": "^1.1.1"
      }
    },
    "@hapi/heavy": {
      "version": "7.0.1",
      "resolved": "https://registry.npmjs.org/@hapi/heavy/-/heavy-7.0.1.tgz",
      "integrity": "sha512-vJ/vzRQ13MtRzz6Qd4zRHWS3FaUc/5uivV2TIuExGTM9Qk+7Zzqj0e2G7EpE6KztO9SalTbiIkTh7qFKj/33cA==",
      "requires": {
        "@hapi/boom": "9.x.x",
        "@hapi/hoek": "9.x.x",
        "@hapi/validate": "1.x.x"
      }
    },
    "@hapi/hoek": {
      "version": "9.2.0",
      "resolved": "https://registry.npmjs.org/@hapi/hoek/-/hoek-9.2.0.tgz",
      "integrity": "sha512-sqKVVVOe5ivCaXDWivIJYVSaEgdQK9ul7a4Kity5Iw7u9+wBAPbX1RMSnLLmp7O4Vzj0WOWwMAJsTL00xwaNug=="
    },
    "@hapi/iron": {
      "version": "6.0.0",
      "resolved": "https://registry.npmjs.org/@hapi/iron/-/iron-6.0.0.tgz",
      "integrity": "sha512-zvGvWDufiTGpTJPG1Y/McN8UqWBu0k/xs/7l++HVU535NLHXsHhy54cfEMdW7EjwKfbBfM9Xy25FmTiobb7Hvw==",
      "requires": {
        "@hapi/b64": "5.x.x",
        "@hapi/boom": "9.x.x",
        "@hapi/bourne": "2.x.x",
        "@hapi/cryptiles": "5.x.x",
        "@hapi/hoek": "9.x.x"
      }
    },
    "@hapi/mimos": {
      "version": "6.0.0",
      "resolved": "https://registry.npmjs.org/@hapi/mimos/-/mimos-6.0.0.tgz",
      "integrity": "sha512-Op/67tr1I+JafN3R3XN5DucVSxKRT/Tc+tUszDwENoNpolxeXkhrJ2Czt6B6AAqrespHoivhgZBWYSuANN9QXg==",
      "requires": {
        "@hapi/hoek": "9.x.x",
        "mime-db": "1.x.x"
      }
    },
    "@hapi/nigel": {
      "version": "4.0.2",
      "resolved": "https://registry.npmjs.org/@hapi/nigel/-/nigel-4.0.2.tgz",
      "integrity": "sha512-ht2KoEsDW22BxQOEkLEJaqfpoKPXxi7tvabXy7B/77eFtOyG5ZEstfZwxHQcqAiZhp58Ae5vkhEqI03kawkYNw==",
      "requires": {
        "@hapi/hoek": "^9.0.4",
        "@hapi/vise": "^4.0.0"
      }
    },
    "@hapi/pez": {
      "version": "5.0.3",
      "resolved": "https://registry.npmjs.org/@hapi/pez/-/pez-5.0.3.tgz",
      "integrity": "sha512-mpikYRJjtrbJgdDHG/H9ySqYqwJ+QU/D7FXsYciS9P7NYBXE2ayKDAy3H0ou6CohOCaxPuTV4SZ0D936+VomHA==",
      "requires": {
        "@hapi/b64": "5.x.x",
        "@hapi/boom": "9.x.x",
        "@hapi/content": "^5.0.2",
        "@hapi/hoek": "9.x.x",
        "@hapi/nigel": "4.x.x"
      }
    },
    "@hapi/podium": {
      "version": "4.1.3",
      "resolved": "https://registry.npmjs.org/@hapi/podium/-/podium-4.1.3.tgz",
      "integrity": "sha512-ljsKGQzLkFqnQxE7qeanvgGj4dejnciErYd30dbrYzUOF/FyS/DOF97qcrT3bhoVwCYmxa6PEMhxfCPlnUcD2g==",
      "requires": {
        "@hapi/hoek": "9.x.x",
        "@hapi/teamwork": "5.x.x",
        "@hapi/validate": "1.x.x"
      }
    },
    "@hapi/shot": {
      "version": "5.0.5",
      "resolved": "https://registry.npmjs.org/@hapi/shot/-/shot-5.0.5.tgz",
      "integrity": "sha512-x5AMSZ5+j+Paa8KdfCoKh+klB78otxF+vcJR/IoN91Vo2e5ulXIW6HUsFTCU+4W6P/Etaip9nmdAx2zWDimB2A==",
      "requires": {
        "@hapi/hoek": "9.x.x",
        "@hapi/validate": "1.x.x"
      }
    },
    "@hapi/somever": {
      "version": "3.0.1",
      "resolved": "https://registry.npmjs.org/@hapi/somever/-/somever-3.0.1.tgz",
      "integrity": "sha512-4ZTSN3YAHtgpY/M4GOtHUXgi6uZtG9nEZfNI6QrArhK0XN/RDVgijlb9kOmXwCR5VclDSkBul9FBvhSuKXx9+w==",
      "requires": {
        "@hapi/bounce": "2.x.x",
        "@hapi/hoek": "9.x.x"
      }
    },
    "@hapi/statehood": {
      "version": "7.0.3",
      "resolved": "https://registry.npmjs.org/@hapi/statehood/-/statehood-7.0.3.tgz",
      "integrity": "sha512-pYB+pyCHkf2Amh67QAXz7e/DN9jcMplIL7Z6N8h0K+ZTy0b404JKPEYkbWHSnDtxLjJB/OtgElxocr2fMH4G7w==",
      "requires": {
        "@hapi/boom": "9.x.x",
        "@hapi/bounce": "2.x.x",
        "@hapi/bourne": "2.x.x",
        "@hapi/cryptiles": "5.x.x",
        "@hapi/hoek": "9.x.x",
        "@hapi/iron": "6.x.x",
        "@hapi/validate": "1.x.x"
      }
    },
    "@hapi/subtext": {
      "version": "7.0.3",
      "resolved": "https://registry.npmjs.org/@hapi/subtext/-/subtext-7.0.3.tgz",
      "integrity": "sha512-CekDizZkDGERJ01C0+TzHlKtqdXZxzSWTOaH6THBrbOHnsr3GY+yiMZC+AfNCypfE17RaIakGIAbpL2Tk1z2+A==",
      "requires": {
        "@hapi/boom": "9.x.x",
        "@hapi/bourne": "2.x.x",
        "@hapi/content": "^5.0.2",
        "@hapi/file": "2.x.x",
        "@hapi/hoek": "9.x.x",
        "@hapi/pez": "^5.0.1",
        "@hapi/wreck": "17.x.x"
      }
    },
    "@hapi/teamwork": {
      "version": "5.1.0",
      "resolved": "https://registry.npmjs.org/@hapi/teamwork/-/teamwork-5.1.0.tgz",
      "integrity": "sha512-llqoQTrAJDTXxG3c4Kz/uzhBS1TsmSBa/XG5SPcVXgmffHE1nFtyLIK0hNJHCB3EuBKT84adzd1hZNY9GJLWtg=="
    },
    "@hapi/topo": {
      "version": "5.1.0",
      "resolved": "https://registry.npmjs.org/@hapi/topo/-/topo-5.1.0.tgz",
      "integrity": "sha512-foQZKJig7Ob0BMAYBfcJk8d77QtOe7Wo4ox7ff1lQYoNNAb6jwcY1ncdoy2e9wQZzvNy7ODZCYJkK8kzmcAnAg==",
      "requires": {
        "@hapi/hoek": "^9.0.0"
      }
    },
    "@hapi/validate": {
      "version": "1.1.3",
      "resolved": "https://registry.npmjs.org/@hapi/validate/-/validate-1.1.3.tgz",
      "integrity": "sha512-/XMR0N0wjw0Twzq2pQOzPBZlDzkekGcoCtzO314BpIEsbXdYGthQUbxgkGDf4nhk1+IPDAsXqWjMohRQYO06UA==",
      "requires": {
        "@hapi/hoek": "^9.0.0",
        "@hapi/topo": "^5.0.0"
      }
    },
    "@hapi/vise": {
      "version": "4.0.0",
      "resolved": "https://registry.npmjs.org/@hapi/vise/-/vise-4.0.0.tgz",
      "integrity": "sha512-eYyLkuUiFZTer59h+SGy7hUm+qE9p+UemePTHLlIWppEd+wExn3Df5jO04bFQTm7nleF5V8CtuYQYb+VFpZ6Sg==",
      "requires": {
        "@hapi/hoek": "9.x.x"
      }
    },
    "@hapi/wreck": {
      "version": "17.1.0",
      "resolved": "https://registry.npmjs.org/@hapi/wreck/-/wreck-17.1.0.tgz",
      "integrity": "sha512-nx6sFyfqOpJ+EFrHX+XWwJAxs3ju4iHdbB/bwR8yTNZOiYmuhA8eCe7lYPtYmb4j7vyK/SlbaQsmTtUrMvPEBw==",
      "requires": {
        "@hapi/boom": "9.x.x",
        "@hapi/bourne": "2.x.x",
        "@hapi/hoek": "9.x.x"
      }
    },
    "hapi": {
      "version": "18.1.0",
      "resolved": "https://registry.npmjs.org/hapi/-/hapi-18.1.0.tgz",
      "integrity": "sha512-nSU1VLyTAgp7P5gy47QzJIP2JAb+wOFvJIV3gnL0lFj/mD+HuTXhyUsDYXjF/dhADMVXVEz31z6SUHBJhtsvGA==",
      "requires": {
        "accept": "3.x.x",
        "ammo": "3.x.x",
        "boom": "7.x.x",
        "bounce": "1.x.x",
        "call": "5.x.x",
        "catbox": "10.x.x",
        "catbox-memory": "4.x.x",
        "heavy": "6.x.x",
        "hoek": "6.x.x",
        "joi": "14.x.x",
        "mimos": "4.x.x",
        "podium": "3.x.x",
        "shot": "4.x.x",
        "somever": "2.x.x",
        "statehood": "6.x.x",
        "subtext": "6.x.x",
        "teamwork": "3.x.x",
        "topo": "3.x.x"
      },
      "dependencies": {
        "accept": {
          "version": "3.1.3",
          "resolved": "https://registry.npmjs.org/accept/-/accept-3.1.3.tgz",
          "integrity": "sha512-OgOEAidVEOKPup+Gv2+2wdH2AgVKI9LxsJ4hicdJ6cY0faUuZdZoi56kkXWlHp9qicN1nWQLmW5ZRGk+SBS5xg=="
        },
        "ammo": {
          "version": "3.0.3",
          "resolved": "https://registry.npmjs.org/ammo/-/ammo-3.0.3.tgz",
          "integrity": "sha512-vo76VJ44MkUBZL/BzpGXaKzMfroF4ZR6+haRuw9p+eSWfoNaH2AxVc8xmiEPC08jhzJSeM6w7/iMUGet8b4oBQ=="
        },
        "b64": {
          "version": "https://registry.npmjs.org/b64/-/b64-4.1.2.tgz",
          "integrity": "sha512-+GUspBxlH3CJaxMUGUE1EBoWM6RKgWiYwUDal0qdf8m3ArnXNN1KzKVo5HOnE/FSq4HHyWf3TlHLsZI8PKQgrQ==",
          "extraneous": true
        },
        "boom": {
          "version": "7.3.0",
          "resolved": "https://registry.npmjs.org/boom/-/boom-7.3.0.tgz",
          "integrity": "sha512-Swpoyi2t5+GhOEGw8rEsKvTxFLIDiiKoUc2gsoV6Lyr43LHBIzch3k2MvYUs8RTROrIkVJ3Al0TkaOGjnb+B6A=="
        },
        "bounce": {
          "version": "1.2.3",
          "resolved": "https://registry.npmjs.org/bounce/-/bounce-1.2.3.tgz",
          "integrity": "sha512-3G7B8CyBnip5EahCZJjnvQ1HLyArC6P5e+xcolo13BVI9ogFaDOsNMAE7FIWliHtIkYI8/nTRCvCY9tZa3Mu4g=="
        },
        "bourne": {
          "version": "https://registry.npmjs.org/bourne/-/bourne-1.1.1.tgz",
          "integrity": "sha512-Ou0l3W8+n1FuTOoIfIrCk9oF9WVWc+9fKoAl67XQr9Ws0z7LgILRZ7qtc9xdT4BveSKtnYXfKPgn8pFAqeQRew==",
          "extraneous": true
        },
        "call": {
          "version": "5.0.3",
          "resolved": "https://registry.npmjs.org/call/-/call-5.0.3.tgz",
          "integrity": "sha512-eX16KHiAYXugbFu6VifstSdwH6aMuWWb4s0qvpq1nR1b+Sf+u68jjttg8ixDBEldPqBi30bDU35OJQWKeTLKxg=="
        },
        "catbox": {
          "version": "10.0.6",
          "resolved": "https://registry.npmjs.org/catbox/-/catbox-10.0.6.tgz",
          "integrity": "sha512-gQWCnF/jbHcfwGbQ4FQxyRiAwLRipqWTTXjpq7rTqqdcsnZosFa0L3LsCZcPTF33QIeMMkS7QmFBHt6QdzGPvg=="
        },
        "catbox-memory": {
          "version": "4.0.1",
          "resolved": "https://registry.npmjs.org/catbox-memory/-/catbox-memory-4.0.1.tgz",
          "integrity": "sha512-ZmqNiLsYCIu9qvBJ/MQbznDV2bFH5gFiH67TgIJgSSffJFtTXArT+MM3AvJQlby9NSkLHOX4eH/uuUqnch/Ldw=="
        },
        "content": {
          "version": "https://registry.npmjs.org/content/-/content-4.0.6.tgz",
          "integrity": "sha512-lR9ND3dXiMdmsE84K6l02rMdgiBVmtYWu1Vr/gfSGHcIcznBj2QxmSdUgDuNFOA+G9yrb1IIWkZ7aKtB6hDGyA==",
          "extraneous": true
        },
        "cryptiles": {
          "version": "https://registry.npmjs.org/cryptiles/-/cryptiles-4.1.3.tgz",
          "integrity": "sha512-gT9nyTMSUC1JnziQpPbxKGBbUg8VL7Zn2NB4E1cJYvuXdElHrwxrV9bmltZGDzet45zSDGyYceueke1TjynGzw==",
          "extraneous": true
        },
        "heavy": {
          "version": "6.1.2",
          "resolved": "https://registry.npmjs.org/heavy/-/heavy-6.1.2.tgz",
          "integrity": "sha512-cJp884bqhiebNcEHydW0g6V1MUGYOXRPw9c7MFiHQnuGxtbWuSZpsbojwb2kxb3AA1/Rfs8CNiV9MMOF8pFRDg=="
        },
        "hoek": {
          "version": "6.1.2",
          "resolved": "https://registry.npmjs.org/hoek/-/hoek-6.1.2.tgz",
          "integrity": "sha512-6qhh/wahGYZHFSFw12tBbJw5fsAhhwrrG/y3Cs0YMTv2WzMnL0oLPnQJjv1QJvEfylRSOFuP+xCu+tdx0tD16Q=="
        },
        "iron": {
          "version": "https://registry.npmjs.org/iron/-/iron-5.0.6.tgz",
          "integrity": "sha512-zYUMOSkEXGBdwlV/AXF9zJC0aLuTJUKHkGeYS5I2g225M5i6SrxQyGJGhPgOR8BK1omL6N5i6TcwfsXbP8/Exw==",
          "extraneous": true
        },
        "joi": {
          "version": "14.3.1",
          "resolved": "https://registry.npmjs.org/joi/-/joi-14.3.1.tgz",
          "integrity": "sha512-LQDdM+pkOrpAn4Lp+neNIFV3axv1Vna3j38bisbQhETPMANYRbFJFUyOZcOClYvM/hppMhGWuKSFEK9vjrB+bQ=="
        },
        "mime-db": {
          "version": "https://registry.npmjs.org/mime-db/-/mime-db-1.37.0.tgz",
          "integrity": "sha512-R3C4db6bgQhlIhPU48fUtdVmKnflq+hRdad7IyKhtFj06VPNVdk2RhiYL3UjQIlso8L+YxAtFkobT0VK+S/ybg==",
          "extraneous": true
        },
        "mimos": {
          "version": "4.0.2",
          "resolved": "https://registry.npmjs.org/mimos/-/mimos-4.0.2.tgz",
          "integrity": "sha512-5XBsDqBqzSN88XPPH/TFpOalWOjHJM5Z2d3AMx/30iq+qXvYKd/8MPhqBwZDOLtoaIWInR3nLzMQcxfGK9djXA=="
        },
        "nigel": {
          "version": "https://registry.npmjs.org/nigel/-/nigel-3.0.4.tgz",
          "integrity": "sha512-3SZCCS/duVDGxFpTROHEieC+itDo4UqL9JNUyQJv3rljudQbK6aqus5B4470OxhESPJLN93Qqxg16rH7DUjbfQ==",
          "extraneous": true
        },
        "pez": {
          "version": "https://registry.npmjs.org/pez/-/pez-4.0.5.tgz",
          "integrity": "sha512-HvL8uiFIlkXbx/qw4B8jKDCWzo7Pnnd65Uvanf9OOCtb20MRcb9gtTVBf9NCnhETif1/nzbDHIjAWC/sUp7LIQ==",
          "extraneous": true
        },
        "podium": {
          "version": "3.2.0",
          "resolved": "https://registry.npmjs.org/podium/-/podium-3.2.0.tgz",
          "integrity": "sha512-rbwvxwVkI6gRRlxZQ1zUeafrpGxZ7QPHIheinehAvGATvGIPfWRkaTeWedc5P4YjXJXEV8ZbBxPtglNylF9hjw=="
        },
        "shot": {
          "version": "4.0.7",
          "resolved": "https://registry.npmjs.org/shot/-/shot-4.0.7.tgz",
          "integrity": "sha512-RKaKAGKxJ11EjJl0cf2fYVSsd4KB5Cncb9J0v7w+0iIaXpxNqFWTYNDNhBX7f0XSyDrjOH9a4OWZ9Gp/ZML+ew=="
        },
        "somever": {
          "version": "2.0.0",
          "resolved": "https://registry.npmjs.org/somever/-/somever-2.0.0.tgz",
          "integrity": "sha512-9JaIPP+HxwYGqCDqqK3tRaTqdtQHoK6Qy3IrXhIt2q5x8fs8RcfU7BMWlFTCOgFazK8p88zIv1tHQXvAwtXMyw=="
        },
        "statehood": {
          "version": "6.0.9",
          "resolved": "https://registry.npmjs.org/statehood/-/statehood-6.0.9.tgz",
          "integrity": "sha512-jbFg1+MYEqfC7ABAoWZoeF4cQUtp3LUvMDUGExL76cMmleBHG7I6xlZFsE8hRi7nEySIvutHmVlLmBe9+2R5LQ=="
        },
        "subtext": {
          "version": "6.0.12",
          "resolved": "https://registry.npmjs.org/subtext/-/subtext-6.0.12.tgz",
          "integrity": "sha512-yT1wCDWVgqvL9BIkWzWqgj5spUSYo/Enu09iUV8t2ZvHcr2tKGTGg2kc9tUpVEsdhp1ihsZeTAiDqh0TQciTPQ=="
        },
        "teamwork": {
          "version": "3.0.3",
          "resolved": "https://registry.npmjs.org/teamwork/-/teamwork-3.0.3.tgz",
          "integrity": "sha512-OCB56z+G70iA1A1OFoT+51TPzfcgN0ks75uN3yhxA+EU66WTz2BevNDK4YzMqfaL5tuAvxy4iFUn35/u8pxMaQ=="
        },
        "topo": {
          "version": "3.0.3",
          "resolved": "https://registry.npmjs.org/topo/-/topo-3.0.3.tgz",
          "integrity": "sha512-IgpPtvD4kjrJ7CRA3ov2FhWQADwv+Tdqbsf1ZnPUSAtCJ9e1Z44MmoSGDXGk4IppoZA7jd/QRkNddlLJWlUZsQ=="
        },
        "vise": {
          "version": "https://registry.npmjs.org/vise/-/vise-3.0.2.tgz",
          "integrity": "sha512-X52VtdRQbSBXdjcazRiY3eRgV3vTQ0B+7Wh8uC9cVv7lKfML5m9+9NHlbcgCY0R9EAqD1v/v7o9mhGh2A3ANFg==",
          "extraneous": true
        },
        "wreck": {
          "version": "https://registry.npmjs.org/wreck/-/wreck-14.1.3.tgz",
          "integrity": "sha512-hb/BUtjX3ObbwO3slCOLCenQ4EP8e+n8j6FmTne3VhEFp5XV1faSJojiyxVSvw34vgdeTG5baLTl4NmjwokLlw==",
          "extraneous": true
        }
      }
    },
    "mime-db": {
      "version": "1.48.0",
      "resolved": "https://registry.npmjs.org/mime-db/-/mime-db-1.48.0.tgz",
      "integrity": "sha512-FM3QwxV+TnZYQ2aRqhlKBMHxk10lTbMt3bBkMAp54ddrNeVSfcQYOOKuGuy3Ddrm38I04If834fOUSq1yzslJQ=="
    }
  }
}
